PODS:
  - Nimble (7.0.3)
  - Quick (1.2.0)
  - SwiftQueue (0.1.0)

DEPENDENCIES:
  - Nimble (~> 7.0.2)
  - Quick (~> 1.2.0)
  - SwiftQueue (from `../`)

EXTERNAL SOURCES:
  SwiftQueue:
    :path: ../

SPEC CHECKSUMS:
  Nimble: 7f5a9c447a33002645a071bddafbfb24ea70e0ac
  Quick: 58d203b1c5e27fff7229c4c1ae445ad7069a7a08
  SwiftQueue: a9e222515c160541a682c45024c689a0c88ea30e

PODFILE CHECKSUM: a5cc85770955108c6c7d27baab839296cb9aba88

COCOAPODS: 1.3.1
